// !$*UTF8*$!
{
	archiveVersion = 1;
	classes = {
	};
	objectVersion = 50;
	objects = {

/* Begin PBXBuildFile section */
		5AC0B8BF219D65E600B9D865 /* YDBuilderSQLController.m in Sources */ = {isa = PBXBuildFile; fileRef = 5AC0B8BE219D65E600B9D865 /* YDBuilderSQLController.m */; };
		5AC0B8C7219D666400B9D865 /* AppDelegate.m in Sources */ = {isa = PBXBuildFile; fileRef = 5AC0B8C2219D666400B9D865 /* AppDelegate.m */; };
		5AC0B8C9219D666400B9D865 /* main.m in Sources */ = {isa = PBXBuildFile; fileRef = 5AC0B8C4219D666400B9D865 /* main.m */; };
		5AC0B8CA219D666400B9D865 /* Assets.xcassets in Resources */ = {isa = PBXBuildFile; fileRef = 5AC0B8C6219D666400B9D865 /* Assets.xcassets */; };
		5AC0B8CF219D695800B9D865 /* YDSQLiteInfo.plist in Resources */ = {isa = PBXBuildFile; fileRef = 5AC0B8CE219D695800B9D865 /* YDSQLiteInfo.plist */; };
		5AC0B8FA219D86C700B9D865 /* NSString+YDSQLLiteExtension.m in Sources */ = {isa = PBXBuildFile; fileRef = 5AC0B8F9219D86C700B9D865 /* NSString+YDSQLLiteExtension.m */; };
		5AC0B8FD219D86F700B9D865 /* YDBaseDao.m in Sources */ = {isa = PBXBuildFile; fileRef = 5AC0B8FC219D86F700B9D865 /* YDBaseDao.m */; };
		5AC0B900219D871200B9D865 /* YDOrm.m in Sources */ = {isa = PBXBuildFile; fileRef = 5AC0B8FF219D871200B9D865 /* YDOrm.m */; };
		5AC0B908219D88BA00B9D865 /* YDBaseSQLiteDB.m in Sources */ = {isa = PBXBuildFile; fileRef = 5AC0B907219D88BA00B9D865 /* YDBaseSQLiteDB.m */; };
		5AC0B90B219D892300B9D865 /* YDOrmSQLiteDB.m in Sources */ = {isa = PBXBuildFile; fileRef = 5AC0B90A219D892300B9D865 /* YDOrmSQLiteDB.m */; };
		5AC0B90E219D8B4D00B9D865 /* YDBaseSQLBuilder.m in Sources */ = {isa = PBXBuildFile; fileRef = 5AC0B90D219D8B4D00B9D865 /* YDBaseSQLBuilder.m */; };
		5AC0B911219D8B6E00B9D865 /* YDOrmSQLBuilder.m in Sources */ = {isa = PBXBuildFile; fileRef = 5AC0B910219D8B6E00B9D865 /* YDOrmSQLBuilder.m */; };
/* End PBXBuildFile section */

/* Begin PBXFileReference section */
		5AC0B8A2219D655D00B9D865 /* YDSQLite.app */ = {isa = PBXFileReference; explicitFileType = wrapper.application; includeInIndex = 0; path = YDSQLite.app; sourceTree = BUILT_PRODUCTS_DIR; };
		5AC0B8BD219D65E600B9D865 /* YDBuilderSQLController.h */ = {isa = PBXFileReference; lastKnownFileType = sourcecode.c.h; path = YDBuilderSQLController.h; sourceTree = "<group>"; };
		5AC0B8BE219D65E600B9D865 /* YDBuilderSQLController.m */ = {isa = PBXFileReference; lastKnownFileType = sourcecode.c.objc; path = YDBuilderSQLController.m; sourceTree = "<group>"; };
		5AC0B8C2219D666400B9D865 /* AppDelegate.m */ = {isa = PBXFileReference; fileEncoding = 4; lastKnownFileType = sourcecode.c.objc; path = AppDelegate.m; sourceTree = "<group>"; };
		5AC0B8C4219D666400B9D865 /* main.m */ = {isa = PBXFileReference; fileEncoding = 4; lastKnownFileType = sourcecode.c.objc; path = main.m; sourceTree = "<group>"; };
		5AC0B8C5219D666400B9D865 /* AppDelegate.h */ = {isa = PBXFileReference; fileEncoding = 4; lastKnownFileType = sourcecode.c.h; path = AppDelegate.h; sourceTree = "<group>"; };
		5AC0B8C6219D666400B9D865 /* Assets.xcassets */ = {isa = PBXFileReference; lastKnownFileType = folder.assetcatalog; path = Assets.xcassets; sourceTree = "<group>"; };
		5AC0B8CE219D695800B9D865 /* YDSQLiteInfo.plist */ = {isa = PBXFileReference; fileEncoding = 4; lastKnownFileType = text.plist.xml; path = YDSQLiteInfo.plist; sourceTree = "<group>"; };
		5AC0B8D0219D6CBB00B9D865 /* YDSQLite.h */ = {isa = PBXFileReference; lastKnownFileType = sourcecode.c.h; path = YDSQLite.h; sourceTree = "<group>"; };
		5AC0B8F8219D86C700B9D865 /* NSString+YDSQLLiteExtension.h */ = {isa = PBXFileReference; lastKnownFileType = sourcecode.c.h; path = "NSString+YDSQLLiteExtension.h"; sourceTree = "<group>"; };
		5AC0B8F9219D86C700B9D865 /* NSString+YDSQLLiteExtension.m */ = {isa = PBXFileReference; lastKnownFileType = sourcecode.c.objc; path = "NSString+YDSQLLiteExtension.m"; sourceTree = "<group>"; };
		5AC0B8FB219D86F700B9D865 /* YDBaseDao.h */ = {isa = PBXFileReference; lastKnownFileType = sourcecode.c.h; path = YDBaseDao.h; sourceTree = "<group>"; };
		5AC0B8FC219D86F700B9D865 /* YDBaseDao.m */ = {isa = PBXFileReference; lastKnownFileType = sourcecode.c.objc; path = YDBaseDao.m; sourceTree = "<group>"; };
		5AC0B8FE219D871200B9D865 /* YDOrm.h */ = {isa = PBXFileReference; lastKnownFileType = sourcecode.c.h; path = YDOrm.h; sourceTree = "<group>"; };
		5AC0B8FF219D871200B9D865 /* YDOrm.m */ = {isa = PBXFileReference; lastKnownFileType = sourcecode.c.objc; path = YDOrm.m; sourceTree = "<group>"; };
		5AC0B906219D88BA00B9D865 /* YDBaseSQLiteDB.h */ = {isa = PBXFileReference; lastKnownFileType = sourcecode.c.h; path = YDBaseSQLiteDB.h; sourceTree = "<group>"; };
		5AC0B907219D88BA00B9D865 /* YDBaseSQLiteDB.m */ = {isa = PBXFileReference; lastKnownFileType = sourcecode.c.objc; path = YDBaseSQLiteDB.m; sourceTree = "<group>"; };
		5AC0B909219D892300B9D865 /* YDOrmSQLiteDB.h */ = {isa = PBXFileReference; lastKnownFileType = sourcecode.c.h; path = YDOrmSQLiteDB.h; sourceTree = "<group>"; };
		5AC0B90A219D892300B9D865 /* YDOrmSQLiteDB.m */ = {isa = PBXFileReference; lastKnownFileType = sourcecode.c.objc; path = YDOrmSQLiteDB.m; sourceTree = "<group>"; };
		5AC0B90C219D8B4D00B9D865 /* YDBaseSQLBuilder.h */ = {isa = PBXFileReference; lastKnownFileType = sourcecode.c.h; path = YDBaseSQLBuilder.h; sourceTree = "<group>"; };
		5AC0B90D219D8B4D00B9D865 /* YDBaseSQLBuilder.m */ = {isa = PBXFileReference; lastKnownFileType = sourcecode.c.objc; path = YDBaseSQLBuilder.m; sourceTree = "<group>"; };
		5AC0B90F219D8B6E00B9D865 /* YDOrmSQLBuilder.h */ = {isa = PBXFileReference; lastKnownFileType = sourcecode.c.h; path = YDOrmSQLBuilder.h; sourceTree = "<group>"; };
		5AC0B910219D8B6E00B9D865 /* YDOrmSQLBuilder.m */ = {isa = PBXFileReference; lastKnownFileType = sourcecode.c.objc; path = YDOrmSQLBuilder.m; sourceTree = "<group>"; };
/* End PBXFileReference section */

/* Begin PBXFrameworksBuildPhase section */
		5AC0B89F219D655D00B9D865 /* Frameworks */ = {
			isa = PBXFrameworksBuildPhase;
			buildActionMask = 2147483647;
			files = (
			);
			runOnlyForDeploymentPostprocessing = 0;
		};
/* End PBXFrameworksBuildPhase section */

/* Begin PBXGroup section */
		5AC0B899219D655D00B9D865 = {
			isa = PBXGroup;
			children = (
				5AC0B8A4219D655D00B9D865 /* YDSQLite */,
				5AC0B8A3219D655D00B9D865 /* Products */,
			);
			sourceTree = "<group>";
		};
		5AC0B8A3219D655D00B9D865 /* Products */ = {
			isa = PBXGroup;
			children = (
				5AC0B8A2219D655D00B9D865 /* YDSQLite.app */,
			);
			name = Products;
			sourceTree = "<group>";
		};
		5AC0B8A4219D655D00B9D865 /* YDSQLite */ = {
			isa = PBXGroup;
			children = (
				5AC0B8CB219D66D800B9D865 /* Framework */,
				5AC0B8BB219D65B500B9D865 /* Class */,
			);
			path = YDSQLite;
			sourceTree = "<group>";
		};
		5AC0B8BB219D65B500B9D865 /* Class */ = {
			isa = PBXGroup;
			children = (
				5AC0B8C0219D661B00B9D865 /* AppDelegate */,
				5AC0B8BC219D65C100B9D865 /* Controller */,
			);
			path = Class;
			sourceTree = "<group>";
		};
		5AC0B8BC219D65C100B9D865 /* Controller */ = {
			isa = PBXGroup;
			children = (
				5AC0B8BD219D65E600B9D865 /* YDBuilderSQLController.h */,
				5AC0B8BE219D65E600B9D865 /* YDBuilderSQLController.m */,
			);
			path = Controller;
			sourceTree = "<group>";
		};
		5AC0B8C0219D661B00B9D865 /* AppDelegate */ = {
			isa = PBXGroup;
			children = (
				5AC0B8C5219D666400B9D865 /* AppDelegate.h */,
				5AC0B8C2219D666400B9D865 /* AppDelegate.m */,
				5AC0B8C6219D666400B9D865 /* Assets.xcassets */,
				5AC0B8C4219D666400B9D865 /* main.m */,
				5AC0B8CE219D695800B9D865 /* YDSQLiteInfo.plist */,
			);
			path = AppDelegate;
			sourceTree = "<group>";
		};
		5AC0B8CB219D66D800B9D865 /* Framework */ = {
			isa = PBXGroup;
			children = (
				5AC0B903219D883B00B9D865 /* SQL */,
				5AC0B8F6219D865800B9D865 /* Extension */,
				5AC0B8F5219D864F00B9D865 /* Dao */,
				5AC0B8F4219D863D00B9D865 /* Utils */,
				5AC0B8F3219D862500B9D865 /* DB */,
				5AC0B8D0219D6CBB00B9D865 /* YDSQLite.h */,
			);
			path = Framework;
			sourceTree = "<group>";
		};
		5AC0B8F3219D862500B9D865 /* DB */ = {
			isa = PBXGroup;
			children = (
				5AC0B901219D872000B9D865 /* Orm */,
				5AC0B902219D874200B9D865 /* Base */,
			);
			path = DB;
			sourceTree = "<group>";
		};
		5AC0B8F4219D863D00B9D865 /* Utils */ = {
			isa = PBXGroup;
			children = (
				5AC0B8FE219D871200B9D865 /* YDOrm.h */,
				5AC0B8FF219D871200B9D865 /* YDOrm.m */,
			);
			path = Utils;
			sourceTree = "<group>";
		};
		5AC0B8F5219D864F00B9D865 /* Dao */ = {
			isa = PBXGroup;
			children = (
				5AC0B8FB219D86F700B9D865 /* YDBaseDao.h */,
				5AC0B8FC219D86F700B9D865 /* YDBaseDao.m */,
			);
			path = Dao;
			sourceTree = "<group>";
		};
		5AC0B8F6219D865800B9D865 /* Extension */ = {
			isa = PBXGroup;
			children = (
				5AC0B8F8219D86C700B9D865 /* NSString+YDSQLLiteExtension.h */,
				5AC0B8F9219D86C700B9D865 /* NSString+YDSQLLiteExtension.m */,
			);
			path = Extension;
			sourceTree = "<group>";
		};
		5AC0B901219D872000B9D865 /* Orm */ = {
			isa = PBXGroup;
			children = (
				5AC0B909219D892300B9D865 /* YDOrmSQLiteDB.h */,
				5AC0B90A219D892300B9D865 /* YDOrmSQLiteDB.m */,
			);
			path = Orm;
			sourceTree = "<group>";
		};
		5AC0B902219D874200B9D865 /* Base */ = {
			isa = PBXGroup;
			children = (
				5AC0B906219D88BA00B9D865 /* YDBaseSQLiteDB.h */,
				5AC0B907219D88BA00B9D865 /* YDBaseSQLiteDB.m */,
			);
			path = Base;
			sourceTree = "<group>";
		};
		5AC0B903219D883B00B9D865 /* SQL */ = {
			isa = PBXGroup;
			children = (
				5AC0B905219D887A00B9D865 /* Base */,
				5AC0B904219D887300B9D865 /* Orm */,
			);
			path = SQL;
			sourceTree = "<group>";
		};
		5AC0B904219D887300B9D865 /* Orm */ = {
			isa = PBXGroup;
			children = (
				5AC0B90F219D8B6E00B9D865 /* YDOrmSQLBuilder.h */,
				5AC0B910219D8B6E00B9D865 /* YDOrmSQLBuilder.m */,
			);
			path = Orm;
			sourceTree = "<group>";
		};
		5AC0B905219D887A00B9D865 /* Base */ = {
			isa = PBXGroup;
			children = (
				5AC0B90C219D8B4D00B9D865 /* YDBaseSQLBuilder.h */,
				5AC0B90D219D8B4D00B9D865 /* YDBaseSQLBuilder.m */,
			);
			path = Base;
			sourceTree = "<group>";
		};
/* End PBXGroup section */

/* Begin PBXNativeTarget section */
		5AC0B8A1219D655D00B9D865 /* YDSQLite */ = {
			isa = PBXNativeTarget;
			buildConfigurationList = 5AC0B8B8219D655F00B9D865 /* Build configuration list for PBXNativeTarget "YDSQLite" */;
			buildPhases = (
				5AC0B89E219D655D00B9D865 /* Sources */,
				5AC0B89F219D655D00B9D865 /* Frameworks */,
				5AC0B8A0219D655D00B9D865 /* Resources */,
			);
			buildRules = (
			);
			dependencies = (
			);
			name = YDSQLite;
			productName = YDSQLite;
			productReference = 5AC0B8A2219D655D00B9D865 /* YDSQLite.app */;
			productType = "com.apple.product-type.application";
		};
/* End PBXNativeTarget section */

/* Begin PBXProject section */
		5AC0B89A219D655D00B9D865 /* Project object */ = {
			isa = PBXProject;
			attributes = {
				CLASSPREFIX = YD;
				LastUpgradeCheck = 1010;
				ORGANIZATIONNAME = rowena;
				TargetAttributes = {
					5AC0B8A1219D655D00B9D865 = {
						CreatedOnToolsVersion = 10.1;
					};
				};
			};
			buildConfigurationList = 5AC0B89D219D655D00B9D865 /* Build configuration list for PBXProject "YDSQLite" */;
			compatibilityVersion = "Xcode 9.3";
			developmentRegion = en;
			hasScannedForEncodings = 0;
			knownRegions = (
				en,
				Base,
			);
			mainGroup = 5AC0B899219D655D00B9D865;
			productRefGroup = 5AC0B8A3219D655D00B9D865 /* Products */;
			projectDirPath = "";
			projectRoot = "";
			targets = (
				5AC0B8A1219D655D00B9D865 /* YDSQLite */,
			);
		};
/* End PBXProject section */

/* Begin PBXResourcesBuildPhase section */
		5AC0B8A0219D655D00B9D865 /* Resources */ = {
			isa = PBXResourcesBuildPhase;
			buildActionMask = 2147483647;
			files = (
				5AC0B8CA219D666400B9D865 /* Assets.xcassets in Resources */,
				5AC0B8CF219D695800B9D865 /* YDSQLiteInfo.plist in Resources */,
			);
			runOnlyForDeploymentPostprocessing = 0;
		};
/* End PBXResourcesBuildPhase section */

/* Begin PBXSourcesBuildPhase section */
		5AC0B89E219D655D00B9D865 /* Sources */ = {
			isa = PBXSourcesBuildPhase;
			buildActionMask = 2147483647;
			files = (
				5AC0B911219D8B6E00B9D865 /* YDOrmSQLBuilder.m in Sources */,
				5AC0B8C7219D666400B9D865 /* AppDelegate.m in Sources */,
				5AC0B908219D88BA00B9D865 /* YDBaseSQLiteDB.m in Sources */,
				5AC0B8C9219D666400B9D865 /* main.m in Sources */,
				5AC0B90E219D8B4D00B9D865 /* YDBaseSQLBuilder.m in Sources */,
				5AC0B8BF219D65E600B9D865 /* YDBuilderSQLController.m in Sources */,
				5AC0B900219D871200B9D865 /* YDOrm.m in Sources */,
				5AC0B90B219D892300B9D865 /* YDOrmSQLiteDB.m in Sources */,
				5AC0B8FA219D86C700B9D865 /* NSString+YDSQLLiteExtension.m in Sources */,
				5AC0B8FD219D86F700B9D865 /* YDBaseDao.m in Sources */,
			);
			runOnlyForDeploymentPostprocessing = 0;
		};
/* End PBXSourcesBuildPhase section */

/* Begin XCBuildConfiguration section */
		5AC0B8B6219D655F00B9D865 /* Debug */ = {
			isa = XCBuildConfiguration;
			buildSettings = {
				ALWAYS_SEARCH_USER_PATHS = NO;
				CLANG_ANALYZER_NONNULL = YES;
				CLANG_ANALYZER_NUMBER_OBJECT_CONVERSION = YES_AGGRESSIVE;
				CLANG_CXX_LANGUAGE_STANDARD = "gnu++14";
				CLANG_CXX_LIBRARY = "libc++";
				CLANG_ENABLE_MODULES = YES;
				CLANG_ENABLE_OBJC_ARC = YES;
				CLANG_ENABLE_OBJC_WEAK = YES;
				CLANG_WARN_BLOCK_CAPTURE_AUTORELEASING = YES;
				CLANG_WARN_BOOL_CONVERSION = YES;
				CLANG_WARN_COMMA = YES;
				CLANG_WARN_CONSTANT_CONVERSION = YES;
				CLANG_WARN_DEPRECATED_OBJC_IMPLEMENTATIONS = YES;
				CLANG_WARN_DIRECT_OBJC_ISA_USAGE = YES_ERROR;
				CLANG_WARN_DOCUMENTATION_COMMENTS = YES;
				CLANG_WARN_EMPTY_BODY = YES;
				CLANG_WARN_ENUM_CONVERSION = YES;
				CLANG_WARN_INFINITE_RECURSION = YES;
				CLANG_WARN_INT_CONVERSION = YES;
				CLANG_WARN_NON_LITERAL_NULL_CONVERSION = YES;
				CLANG_WARN_OBJC_IMPLICIT_RETAIN_SELF = YES;
				CLANG_WARN_OBJC_LITERAL_CONVERSION = YES;
				CLANG_WARN_OBJC_ROOT_CLASS = YES_ERROR;
				CLANG_WARN_RANGE_LOOP_ANALYSIS = YES;
				CLANG_WARN_STRICT_PROTOTYPES = YES;
				CLANG_WARN_SUSPICIOUS_MOVE = YES;
				CLANG_WARN_UNGUARDED_AVAILABILITY = YES_AGGRESSIVE;
				CLANG_WARN_UNREACHABLE_CODE = YES;
				CLANG_WARN__DUPLICATE_METHOD_MATCH = YES;
				CODE_SIGN_IDENTITY = "iPhone Developer";
				COPY_PHASE_STRIP = NO;
				DEBUG_INFORMATION_FORMAT = dwarf;
				ENABLE_STRICT_OBJC_MSGSEND = YES;
				ENABLE_TESTABILITY = YES;
				GCC_C_LANGUAGE_STANDARD = gnu11;
				GCC_DYNAMIC_NO_PIC = NO;
				GCC_NO_COMMON_BLOCKS = YES;
				GCC_OPTIMIZATION_LEVEL = 0;
				GCC_PREPROCESSOR_DEFINITIONS = (
					"DEBUG=1",
					"$(inherited)",
				);
				GCC_WARN_64_TO_32_BIT_CONVERSION = YES;
				GCC_WARN_ABOUT_RETURN_TYPE = YES_ERROR;
				GCC_WARN_UNDECLARED_SELECTOR = YES;
				GCC_WARN_UNINITIALIZED_AUTOS = YES_AGGRESSIVE;
				GCC_WARN_UNUSED_FUNCTION = YES;
				GCC_WARN_UNUSED_VARIABLE = YES;
				IPHONEOS_DEPLOYMENT_TARGET = 12.1;
				MTL_ENABLE_DEBUG_INFO = INCLUDE_SOURCE;
				MTL_FAST_MATH = YES;
				ONLY_ACTIVE_ARCH = YES;
				SDKROOT = iphoneos;
			};
			name = Debug;
		};
		5AC0B8B7219D655F00B9D865 /* Release */ = {
			isa = XCBuildConfiguration;
			buildSettings = {
				ALWAYS_SEARCH_USER_PATHS = NO;
				CLANG_ANALYZER_NONNULL = YES;
				CLANG_ANALYZER_NUMBER_OBJECT_CONVERSION = YES_AGGRESSIVE;
				CLANG_CXX_LANGUAGE_STANDARD = "gnu++14";
				CLANG_CXX_LIBRARY = "libc++";
				CLANG_ENABLE_MODULES = YES;
				CLANG_ENABLE_OBJC_ARC = YES;
				CLANG_ENABLE_OBJC_WEAK = YES;
				CLANG_WARN_BLOCK_CAPTURE_AUTORELEASING = YES;
				CLANG_WARN_BOOL_CONVERSION = YES;
				CLANG_WARN_COMMA = YES;
				CLANG_WARN_CONSTANT_CONVERSION = YES;
				CLANG_WARN_DEPRECATED_OBJC_IMPLEMENTATIONS = YES;
				CLANG_WARN_DIRECT_OBJC_ISA_USAGE = YES_ERROR;
				CLANG_WARN_DOCUMENTATION_COMMENTS = YES;
				CLANG_WARN_EMPTY_BODY = YES;
				CLANG_WARN_ENUM_CONVERSION = YES;
				CLANG_WARN_INFINITE_RECURSION = YES;
				CLANG_WARN_INT_CONVERSION = YES;
				CLANG_WARN_NON_LITERAL_NULL_CONVERSION = YES;
				CLANG_WARN_OBJC_IMPLICIT_RETAIN_SELF = YES;
				CLANG_WARN_OBJC_LITERAL_CONVERSION = YES;
				CLANG_WARN_OBJC_ROOT_CLASS = YES_ERROR;
				CLANG_WARN_RANGE_LOOP_ANALYSIS = YES;
				CLANG_WARN_STRICT_PROTOTYPES = YES;
				CLANG_WARN_SUSPICIOUS_MOVE = YES;
				CLANG_WARN_UNGUARDED_AVAILABILITY = YES_AGGRESSIVE;
				CLANG_WARN_UNREACHABLE_CODE = YES;
				CLANG_WARN__DUPLICATE_METHOD_MATCH = YES;
				CODE_SIGN_IDENTITY = "iPhone Developer";
				COPY_PHASE_STRIP = NO;
				DEBUG_INFORMATION_FORMAT = "dwarf-with-dsym";
				ENABLE_NS_ASSERTIONS = NO;
				ENABLE_STRICT_OBJC_MSGSEND = YES;
				GCC_C_LANGUAGE_STANDARD = gnu11;
				GCC_NO_COMMON_BLOCKS = YES;
				GCC_WARN_64_TO_32_BIT_CONVERSION = YES;
				GCC_WARN_ABOUT_RETURN_TYPE = YES_ERROR;
				GCC_WARN_UNDECLARED_SELECTOR = YES;
				GCC_WARN_UNINITIALIZED_AUTOS = YES_AGGRESSIVE;
				GCC_WARN_UNUSED_FUNCTION = YES;
				GCC_WARN_UNUSED_VARIABLE = YES;
				IPHONEOS_DEPLOYMENT_TARGET = 12.1;
				MTL_ENABLE_DEBUG_INFO = NO;
				MTL_FAST_MATH = YES;
				SDKROOT = iphoneos;
				VALIDATE_PRODUCT = YES;
			};
			name = Release;
		};
		5AC0B8B9219D655F00B9D865 /* Debug */ = {
			isa = XCBuildConfiguration;
			buildSettings = {
				ASSETCATALOG_COMPILER_APPICON_NAME = AppIcon;
				ASSETCATALOG_COMPILER_LAUNCHIMAGE_NAME = LaunchImage;
				CODE_SIGN_STYLE = Automatic;
				DEVELOPMENT_TEAM = 45Q4N5684Q;
				INFOPLIST_FILE = "$(SRCROOT)/YDSQLite/Class/AppDelegate/YDSQLiteInfo.plist";
				IPHONEOS_DEPLOYMENT_TARGET = 8.0;
				LD_RUNPATH_SEARCH_PATHS = (
					"$(inherited)",
					"@executable_path/Frameworks",
				);
				PRODUCT_BUNDLE_IDENTIFIER = com.weixin.wuyezhiguhun.YDSQLite;
				PRODUCT_NAME = "$(TARGET_NAME)";
				TARGETED_DEVICE_FAMILY = 1;
			};
			name = Debug;
		};
		5AC0B8BA219D655F00B9D865 /* Release */ = {
			isa = XCBuildConfiguration;
			buildSettings = {
				ASSETCATALOG_COMPILER_APPICON_NAME = AppIcon;
				ASSETCATALOG_COMPILER_LAUNCHIMAGE_NAME = LaunchImage;
				CODE_SIGN_STYLE = Automatic;
				DEVELOPMENT_TEAM = 45Q4N5684Q;
				INFOPLIST_FILE = "$(SRCROOT)/YDSQLite/Class/AppDelegate/YDSQLiteInfo.plist";
				IPHONEOS_DEPLOYMENT_TARGET = 8.0;
				LD_RUNPATH_SEARCH_PATHS = (
					"$(inherited)",
					"@executable_path/Frameworks",
				);
				PRODUCT_BUNDLE_IDENTIFIER = com.weixin.wuyezhiguhun.YDSQLite;
				PRODUCT_NAME = "$(TARGET_NAME)";
				TARGETED_DEVICE_FAMILY = 1;
			};
			name = Release;
		};
/* End XCBuildConfiguration section */

/* Begin XCConfigurationList section */
		5AC0B89D219D655D00B9D865 /* Build configuration list for PBXProject "YDSQLite" */ = {
			isa = XCConfigurationList;
			buildConfigurations = (
				5AC0B8B6219D655F00B9D865 /* Debug */,
				5AC0B8B7219D655F00B9D865 /* Release */,
			);
			defaultConfigurationIsVisible = 0;
			defaultConfigurationName = Release;
		};
		5AC0B8B8219D655F00B9D865 /* Build configuration list for PBXNativeTarget "YDSQLite" */ = {
			isa = XCConfigurationList;
			buildConfigurations = (
				5AC0B8B9219D655F00B9D865 /* Debug */,
				5AC0B8BA219D655F00B9D865 /* Release */,
			);
			defaultConfigurationIsVisible = 0;
			defaultConfigurationName = Release;
		};
/* End XCConfigurationList section */
	};
	rootObject = 5AC0B89A219D655D00B9D865 /* Project object */;
}
